<?xml version="1.0" encoding="utf-8"?>
<Project ToolsVersion="4.0" xmlns="http://schemas.microsoft.com/developer/msbuild/2003">
  <ItemGroup>
    <Filter Include="Source Files">
      <UniqueIdentifier>{4FC737F1-C7A5-4376-A066-2A32D752A2FF}</UniqueIdentifier>
      <Extensions>cpp;c;cc;cxx;def;odl;idl;hpj;bat;asm;asmx</Extensions>
    </Filter>
    <Filter Include="Source Files\ui">
      <UniqueIdentifier>{1cf96e5c-15df-4f96-b547-c742008fe9ec}</UniqueIdentifier>
    </Filter>
    <Filter Include="Source Files\glew">
      <UniqueIdentifier>{03cc2448-c771-45f0-8430-8d784a2f307a}</UniqueIdentifier>
    </Filter>
    <Filter Include="Source Files\shaders">
      <UniqueIdentifier>{b17c29c2-fc0f-44f5-a383-61c1f61c7457}</UniqueIdentifier>
    </Filter>
    <Filter Include="Source Files\common">
      <UniqueIdentifier>{b98eb5fe-a1af-40fe-aa9d-275194f9752f}</UniqueIdentifier>
    </Filter>
    <Filter Include="Source Files\crunch">
      <UniqueIdentifier>{cf30d12f-6306-449b-bde5-7939cca435b4}</UniqueIdentifier>
    </Filter>
    <Filter Include="Header Files">
      <UniqueIdentifier>{93995380-89BD-4b04-88EB-625FBE52EBFB}</UniqueIdentifier>
      <Extensions>h;hpp;hxx;hm;inl;inc;xsd</Extensions>
    </Filter>
    <Filter Include="Resource Files">
      <UniqueIdentifier>{67DA6AB6-F800-4c08-8B7A-83BB121AAD01}</UniqueIdentifier>
      <Extensions>rc;ico;cur;bmp;dlg;rc2;rct;bin;rgs;gif;jpg;jpeg;jpe;resx;tiff;tif;png;wav</Extensions>
    </Filter>
    <Filter Include="Source Files\tinker">
      <UniqueIdentifier>{53fa5df5-e2a4-4735-8efc-b810e022d8da}</UniqueIdentifier>
    </Filter>
    <Filter Include="Source Files\license">
      <UniqueIdentifier>{f8442516-628f-4a4a-9cb6-74e6b9e70042}</UniqueIdentifier>
    </Filter>
    <Filter Include="Source Files\eastl">
      <UniqueIdentifier>{8d4f4753-89ae-4ef5-ac98-28c158e4bad0}</UniqueIdentifier>
    </Filter>
    <Filter Include="Source Files\glgui">
      <UniqueIdentifier>{cc60f190-5ff8-4f75-81c4-f71f035e6572}</UniqueIdentifier>
    </Filter>
  </ItemGroup>
  <ItemGroup>
    <ClCompile Include="main.cpp">
      <Filter>Source Files</Filter>
    </ClCompile>
    <ClCompile Include="ui\modelwindow.cpp">
      <Filter>Source Files\ui</Filter>
    </ClCompile>
    <ClCompile Include="ui\modelwindow_input.cpp">
      <Filter>Source Files\ui</Filter>
    </ClCompile>
    <ClCompile Include="ui\modelwindow_ui.cpp">
      <Filter>Source Files\ui</Filter>
    </ClCompile>
    <ClCompile Include="ui\picker.cpp">
      <Filter>Source Files\ui</Filter>
    </ClCompile>
    <ClCompile Include="ui\scenetree.cpp">
      <Filter>Source Files\ui</Filter>
    </ClCompile>
    <ClCompile Include="shaders\shaders.cpp">
      <Filter>Source Files\shaders</Filter>
    </ClCompile>
    <ClCompile Include="..\common\mempool.cpp">
      <Filter>Source Files\common</Filter>
    </ClCompile>
    <ClCompile Include="..\common\parallelize.cpp">
      <Filter>Source Files\common</Filter>
    </ClCompile>
    <ClCompile Include="..\common\platform_win32.cpp">
      <Filter>Source Files\common</Filter>
    </ClCompile>
    <ClCompile Include="crunch\ao.cpp">
      <Filter>Source Files\crunch</Filter>
    </ClCompile>
    <ClCompile Include="crunch\ao_raytrace.cpp">
      <Filter>Source Files\crunch</Filter>
    </ClCompile>
    <ClCompile Include="crunch\normal.cpp">
      <Filter>Source Files\crunch</Filter>
    </ClCompile>
    <ClCompile Include="..\tinker\application.cpp">
      <Filter>Source Files\tinker</Filter>
    </ClCompile>
    <ClCompile Include="..\common\eastl.cpp">
      <Filter>Source Files\common</Filter>
    </ClCompile>
    <ClCompile Include="..\glgui\glgui.cpp">
      <Filter>Source Files\glgui</Filter>
    </ClCompile>
    <ClCompile Include="..\license\license.cpp">
      <Filter>Source Files\license</Filter>
    </ClCompile>
    <ClCompile Include="..\common\mtrand.cpp">
      <Filter>Source Files\common</Filter>
    </ClCompile>
    <ClCompile Include="..\tinker\register.cpp">
      <Filter>Source Files\tinker</Filter>
    </ClCompile>
    <ClCompile Include="..\common\configfile.cpp">
      <Filter>Source Files\common</Filter>
    </ClCompile>
    <ClCompile Include="crunch\crunch.cpp">
      <Filter>Source Files\crunch</Filter>
    </ClCompile>
    <ClCompile Include="..\common\sockets\sockets.cpp">
      <Filter>Source Files\common</Filter>
    </ClCompile>
    <ClCompile Include="..\ext-deps\EASTL\src\fixed_pool.cpp">
      <Filter>Source Files\eastl</Filter>
    </ClCompile>
    <ClCompile Include="..\ext-deps\EASTL\src\hashtable.cpp">
      <Filter>Source Files\eastl</Filter>
    </ClCompile>
    <ClCompile Include="..\ext-deps\EASTL\src\red_black_tree.cpp">
      <Filter>Source Files\eastl</Filter>
    </ClCompile>
    <ClCompile Include="..\ext-deps\EASTL\src\string.cpp">
      <Filter>Source Files\eastl</Filter>
    </ClCompile>
    <ClCompile Include="..\ext-deps\EASTL\src\allocator.cpp">
      <Filter>Source Files\eastl</Filter>
    </ClCompile>
    <ClCompile Include="..\ext-deps\EASTL\src\assert.cpp">
      <Filter>Source Files\eastl</Filter>
    </ClCompile>
    <ClCompile Include="..\ext-deps\glew\src\glew.c">
      <Filter>Source Files\glew</Filter>
    </ClCompile>
    <ClCompile Include="..\tinker\portals\portal_stubs.cpp">
      <Filter>Source Files\tinker</Filter>
    </ClCompile>
    <ClCompile Include="..\tinker\console.cpp">
      <Filter>Source Files\tinker</Filter>
    </ClCompile>
    <ClCompile Include="..\tinker\cvar.cpp">
      <Filter>Source Files\tinker</Filter>
    </ClCompile>
  </ItemGroup>
  <ItemGroup>
    <ClInclude Include="smak_version.h">
      <Filter>Source Files</Filter>
    </ClInclude>
    <ClInclude Include="ui\modelwindow.h">
      <Filter>Source Files\ui</Filter>
    </ClInclude>
    <ClInclude Include="ui\modelwindow_ui.h">
      <Filter>Source Files\ui</Filter>
    </ClInclude>
    <ClInclude Include="ui\picker.h">
      <Filter>Source Files\ui</Filter>
    </ClInclude>
    <ClInclude Include="ui\scenetree.h">
      <Filter>Source Files\ui</Filter>
    </ClInclude>
    <ClInclude Include="shaders\shaders.h">
      <Filter>Source Files\shaders</Filter>
    </ClInclude>
    <ClInclude Include="..\common\mempool.h">
      <Filter>Source Files\common</Filter>
    </ClInclude>
    <ClInclude Include="..\common\parallelize.h">
      <Filter>Source Files\common</Filter>
    </ClInclude>
    <ClInclude Include="..\common\platform.h">
      <Filter>Source Files\common</Filter>
    </ClInclude>
    <ClInclude Include="crunch\crunch.h">
      <Filter>Source Files\crunch</Filter>
    </ClInclude>
    <ClInclude Include="..\tinker\application.h">
      <Filter>Source Files\tinker</Filter>
    </ClInclude>
    <ClInclude Include="..\tinker\keys.h">
      <Filter>Source Files\tinker</Filter>
    </ClInclude>
    <ClInclude Include="..\license\license.h">
      <Filter>Source Files\license</Filter>
    </ClInclude>
    <ClInclude Include="..\glgui\glgui.h">
      <Filter>Source Files\glgui</Filter>
    </ClInclude>
    <ClInclude Include="..\common\mtrand.h">
      <Filter>Source Files\common</Filter>
    </ClInclude>
    <ClInclude Include="..\common\configfile.h">
      <Filter>Source Files\common</Filter>
    </ClInclude>
    <ClInclude Include="..\common\sockets\sockets.h">
      <Filter>Source Files\common</Filter>
    </ClInclude>
    <ClInclude Include="..\tinker\console.h">
      <Filter>Source Files\tinker</Filter>
    </ClInclude>
    <ClInclude Include="..\tinker\cvar.h">
      <Filter>Source Files\tinker</Filter>
    </ClInclude>
  </ItemGroup>
  <ItemGroup>
    <ResourceCompile Include="smak.rc">
      <Filter>Resource Files</Filter>
    </ResourceCompile>
  </ItemGroup>
  <ItemGroup>
    <None Include="install\smak.ico">
      <Filter>Resource Files</Filter>
    </None>
  </ItemGroup>
</Project>